{
  "name": "awesomplete-vue-webpack-component",
  "version": "0.1.0",
  "lockfileVersion": 1,
  "requires": true,
  "dependencies": {
    "awesomplete": {
      "version": "1.1.3",
      "resolved": "https://registry.npmjs.org/awesomplete/-/awesomplete-1.1.3.tgz",
      "integrity": "sha512-QU5vh75Q6CtK59aQd3fuoGMWExFCpiowGFpIOBF8dUSX5jfu/WfHoyESObBaXBSn2x1N9qLbYOtvWG1Ds1vBbg=="
    }
  }
}
